
Microsoft Visual Studio Solution File, Format Version 10.00
# Visual Studio 2008
Project("{FAE04EC0-301F-11D3-BF4B-00C04F79EFBC}") = "ftp下载", "ftp下载.csproj", "{040B39D2-7E20-4DFA-9272-EAE755C0572A}"
EndProject
Global
	GlobalSection(SourceCodeControl) = preSolution
		SccNumberOfProjects = 2
		SccLocalPath0 = .
		SccProjectUniqueName1 = ftp下载.csproj
		SccLocalPath1 = .
	EndGlobalSection
	GlobalSection(SolutionConfigurationPlatforms) = preSolution
		Debug|Any CPU = Debug|Any CPU
		Release|Any CPU = Release|Any CPU
	EndGlobalSection
	GlobalSection(ProjectConfigurationPlatforms) = postSolution
		{040B39D2-7E20-4DFA-9272-EAE755C0572A}.Debug|Any CPU.ActiveCfg = Debug|Any CPU
		{040B39D2-7E20-4DFA-9272-EAE755C0572A}.Debug|Any CPU.Build.0 = Debug|Any CPU
		{040B39D2-7E20-4DFA-9272-EAE755C0572A}.Release|Any CPU.ActiveCfg = Release|Any CPU
		{040B39D2-7E20-4DFA-9272-EAE755C0572A}.Release|Any CPU.Build.0 = Release|Any CPU
	EndGlobalSection
	GlobalSection(SolutionProperties) = preSolution
		HideSolutionNode = FALSE
	EndGlobalSection
EndGlobal
